
Microsoft Visual Studio Solution File, Format Version 12.00
# Visual Studio Version 17
VisualStudioVersion = 17.5.002.0
MinimumVisualStudioVersion = 10.0.40219.1
Project("{9A19103F-16F7-4668-BE54-9A1E7A4F7556}") = ".FizzBuzz-C-Sharp", ".FizzBuzz-C-Sharp.csproj", "{EE848E50-260D-42A0-B460-792F1F2F9E9D}"
EndProject
Global
	GlobalSection(SolutionConfigurationPlatforms) = preSolution
		Debug|Any CPU = Debug|Any CPU
		Release|Any CPU = Release|Any CPU
	EndGlobalSection
	GlobalSection(ProjectConfigurationPlatforms) = postSolution
		{EE848E50-260D-42A0-B460-792F1F2F9E9D}.Debug|Any CPU.ActiveCfg = Debug|Any CPU
		{EE848E50-260D-42A0-B460-792F1F2F9E9D}.Debug|Any CPU.Build.0 = Debug|Any CPU
		{EE848E50-260D-42A0-B460-792F1F2F9E9D}.Release|Any CPU.ActiveCfg = Release|Any CPU
		{EE848E50-260D-42A0-B460-792F1F2F9E9D}.Release|Any CPU.Build.0 = Release|Any CPU
	EndGlobalSection
	GlobalSection(SolutionProperties) = preSolution
		HideSolutionNode = FALSE
	EndGlobalSection
	GlobalSection(ExtensibilityGlobals) = postSolution
		SolutionGuid = {128C2532-CC34-41C1-8470-617C4F9ECF88}
	EndGlobalSection
EndGlobal
